
Microsoft Visual Studio Solution File, Format Version 12.00
Project("{FAE04EC0-301F-11D3-BF4B-00C04F79EFBC}") = "ModdedCTXDotNet", "ModdedCTXDotNet\ModdedCTXDotNet.csproj", "{AA96873B-384B-4B2B-AD8A-4A91029897BA}"
EndProject
Project("{FAE04EC0-301F-11D3-BF4B-00C04F79EFBC}") = "ModdedCTXDotNetTests", "ModdedCTXDotNetTests\ModdedCTXDotNetTests.csproj", "{9E134727-49B8-4348-B46E-84B565F69924}"
EndProject
Global
	GlobalSection(SolutionConfigurationPlatforms) = preSolution
		Debug|Any CPU = Debug|Any CPU
		Release|Any CPU = Release|Any CPU
	EndGlobalSection
	GlobalSection(ProjectConfigurationPlatforms) = postSolution
		{AA96873B-384B-4B2B-AD8A-4A91029897BA}.Debug|Any CPU.ActiveCfg = Debug|Any CPU
		{AA96873B-384B-4B2B-AD8A-4A91029897BA}.Debug|Any CPU.Build.0 = Debug|Any CPU
		{AA96873B-384B-4B2B-AD8A-4A91029897BA}.Release|Any CPU.ActiveCfg = Release|Any CPU
		{AA96873B-384B-4B2B-AD8A-4A91029897BA}.Release|Any CPU.Build.0 = Release|Any CPU
		{9E134727-49B8-4348-B46E-84B565F69924}.Debug|Any CPU.ActiveCfg = Debug|Any CPU
		{9E134727-49B8-4348-B46E-84B565F69924}.Debug|Any CPU.Build.0 = Debug|Any CPU
		{9E134727-49B8-4348-B46E-84B565F69924}.Release|Any CPU.ActiveCfg = Release|Any CPU
		{9E134727-49B8-4348-B46E-84B565F69924}.Release|Any CPU.Build.0 = Release|Any CPU
	EndGlobalSection
EndGlobal
